
Microsoft Visual Studio Solution File, Format Version 12.00
# Visual Studio 15
VisualStudioVersion = 15.0.27130.2024
MinimumVisualStudioVersion = 10.0.40219.1
Project("{FAE04EC0-301F-11D3-BF4B-00C04F79EFBC}") = "SMPTUtility", "SMPTUtility\SMPTUtility.csproj", "{E92F59A7-70D0-41C2-A7DD-316AA59CA7FB}"
EndProject
Global
	GlobalSection(SolutionConfigurationPlatforms) = preSolution
		Debug|Any CPU = Debug|Any CPU
		Release|Any CPU = Release|Any CPU
	EndGlobalSection
	GlobalSection(ProjectConfigurationPlatforms) = postSolution
		{E92F59A7-70D0-41C2-A7DD-316AA59CA7FB}.Debug|Any CPU.ActiveCfg = Debug|Any CPU
		{E92F59A7-70D0-41C2-A7DD-316AA59CA7FB}.Debug|Any CPU.Build.0 = Debug|Any CPU
		{E92F59A7-70D0-41C2-A7DD-316AA59CA7FB}.Release|Any CPU.ActiveCfg = Release|Any CPU
		{E92F59A7-70D0-41C2-A7DD-316AA59CA7FB}.Release|Any CPU.Build.0 = Release|Any CPU
	EndGlobalSection
	GlobalSection(SolutionProperties) = preSolution
		HideSolutionNode = FALSE
	EndGlobalSection
	GlobalSection(ExtensibilityGlobals) = postSolution
		SolutionGuid = {8BD02204-B72C-40B7-AFB1-A6342D339758}
	EndGlobalSection
EndGlobal
