
Microsoft Visual Studio Solution File, Format Version 12.00
# Visual Studio 15
VisualStudioVersion = 15.0.27130.2024
MinimumVisualStudioVersion = 10.0.40219.1
Project("{FAE04EC0-301F-11D3-BF4B-00C04F79EFBC}") = "IMIAcknowledgementValidator", "IMIAcknowledgementValidator\IMIAcknowledgementValidator.csproj", "{2111877A-4DD6-4F60-BEF6-52DBD14854DA}"
EndProject
Global
	GlobalSection(SolutionConfigurationPlatforms) = preSolution
		Debug|Any CPU = Debug|Any CPU
		Release|Any CPU = Release|Any CPU
	EndGlobalSection
	GlobalSection(ProjectConfigurationPlatforms) = postSolution
		{2111877A-4DD6-4F60-BEF6-52DBD14854DA}.Debug|Any CPU.ActiveCfg = Debug|Any CPU
		{2111877A-4DD6-4F60-BEF6-52DBD14854DA}.Debug|Any CPU.Build.0 = Debug|Any CPU
		{2111877A-4DD6-4F60-BEF6-52DBD14854DA}.Release|Any CPU.ActiveCfg = Release|Any CPU
		{2111877A-4DD6-4F60-BEF6-52DBD14854DA}.Release|Any CPU.Build.0 = Release|Any CPU
	EndGlobalSection
	GlobalSection(SolutionProperties) = preSolution
		HideSolutionNode = FALSE
	EndGlobalSection
	GlobalSection(ExtensibilityGlobals) = postSolution
		SolutionGuid = {58A39C3D-59B9-49B4-AD8C-49EE3E9025A0}
	EndGlobalSection
EndGlobal
