
Microsoft Visual Studio Solution File, Format Version 12.00
# Visual Studio 15
VisualStudioVersion = 15.0.27130.2024
MinimumVisualStudioVersion = 10.0.40219.1
Project("{FAE04EC0-301F-11D3-BF4B-00C04F79EFBC}") = "CCTComparisonTest", "CCTComparisonTest\CCTComparisonTest.csproj", "{21132D22-7142-4FDE-B499-933134B1C412}"
EndProject
Global
	GlobalSection(SolutionConfigurationPlatforms) = preSolution
		Debug|Any CPU = Debug|Any CPU
		Release|Any CPU = Release|Any CPU
	EndGlobalSection
	GlobalSection(ProjectConfigurationPlatforms) = postSolution
		{21132D22-7142-4FDE-B499-933134B1C412}.Debug|Any CPU.ActiveCfg = Debug|Any CPU
		{21132D22-7142-4FDE-B499-933134B1C412}.Debug|Any CPU.Build.0 = Debug|Any CPU
		{21132D22-7142-4FDE-B499-933134B1C412}.Release|Any CPU.ActiveCfg = Release|Any CPU
		{21132D22-7142-4FDE-B499-933134B1C412}.Release|Any CPU.Build.0 = Release|Any CPU
	EndGlobalSection
	GlobalSection(SolutionProperties) = preSolution
		HideSolutionNode = FALSE
	EndGlobalSection
	GlobalSection(ExtensibilityGlobals) = postSolution
		SolutionGuid = {91CE5232-0F54-44D5-9671-BC3E747F5FBE}
	EndGlobalSection
EndGlobal
